
Microsoft Visual Studio Solution File, Format Version 12.00
# Visual Studio Version 17
VisualStudioVersion = 17.12.35707.178 d17.12
MinimumVisualStudioVersion = 10.0.40219.1
Project("{FAE04EC0-301F-11D3-BF4B-00C04F79EFBC}") = "ConsoleApp12", "ConsoleApp12\ConsoleApp12.csproj", "{A5B40899-3C3B-484D-B3F5-EC6B9D8069B7}"
EndProject
Project("{2150E333-8FDC-42A3-9474-1A3956D46DE8}") = "Itens de Solução", "Itens de Solução", "{BF12E292-B2C5-4126-B693-524560702CA8}"
EndProject
Global
	GlobalSection(SolutionConfigurationPlatforms) = preSolution
		Debug|Any CPU = Debug|Any CPU
		Release|Any CPU = Release|Any CPU
	EndGlobalSection
	GlobalSection(ProjectConfigurationPlatforms) = postSolution
		{A5B40899-3C3B-484D-B3F5-EC6B9D8069B7}.Debug|Any CPU.ActiveCfg = Debug|Any CPU
		{A5B40899-3C3B-484D-B3F5-EC6B9D8069B7}.Debug|Any CPU.Build.0 = Debug|Any CPU
		{A5B40899-3C3B-484D-B3F5-EC6B9D8069B7}.Release|Any CPU.ActiveCfg = Release|Any CPU
		{A5B40899-3C3B-484D-B3F5-EC6B9D8069B7}.Release|Any CPU.Build.0 = Release|Any CPU
	EndGlobalSection
	GlobalSection(SolutionProperties) = preSolution
		HideSolutionNode = FALSE
	EndGlobalSection
EndGlobal
